// !$*UTF8*$!
{
	archiveVersion = 1;
	classes = {
	};
	objectVersion = 56;
	objects = {

/* Begin PBXBuildFile section */
		AB201D3F2994144900BD4985 /* PokemonAppApp.swift in Sources */ = {isa = PBXBuildFile; fileRef = AB201D3E2994144900BD4985 /* PokemonAppApp.swift */; };
		AB201D412994144900BD4985 /* ContentView.swift in Sources */ = {isa = PBXBuildFile; fileRef = AB201D402994144900BD4985 /* ContentView.swift */; };
		AB201D432994144A00BD4985 /* Assets.xcassets in Resources */ = {isa = PBXBuildFile; fileRef = AB201D422994144A00BD4985 /* Assets.xcassets */; };
		AB201D462994144A00BD4985 /* Preview Assets.xcassets in Resources */ = {isa = PBXBuildFile; fileRef = AB201D452994144A00BD4985 /* Preview Assets.xcassets */; };
		AB201D4F299415B500BD4985 /* pokemon.json in Resources */ = {isa = PBXBuildFile; fileRef = AB201D4E299415B500BD4985 /* pokemon.json */; };
		AB201D5229941BD600BD4985 /* Helpers.swift in Sources */ = {isa = PBXBuildFile; fileRef = AB201D5129941BD600BD4985 /* Helpers.swift */; };
		AB201D552994233000BD4985 /* PokemonModel.swift in Sources */ = {isa = PBXBuildFile; fileRef = AB201D542994233000BD4985 /* PokemonModel.swift */; };
		AB201D582994249400BD4985 /* ViewModel.swift in Sources */ = {isa = PBXBuildFile; fileRef = AB201D572994249400BD4985 /* ViewModel.swift */; };
		AB201D5B299424F600BD4985 /* PokemonManager.swift in Sources */ = {isa = PBXBuildFile; fileRef = AB201D5A299424F600BD4985 /* PokemonManager.swift */; };
		AB201D5D29942D5600BD4985 /* Pokemon.json in Resources */ = {isa = PBXBuildFile; fileRef = AB201D5C29942D5600BD4985 /* Pokemon.json */; };
/* End PBXBuildFile section */

/* Begin PBXFileReference section */
		AB201D3B2994144900BD4985 /* PokemonApp.app */ = {isa = PBXFileReference; explicitFileType = wrapper.application; includeInIndex = 0; path = PokemonApp.app; sourceTree = BUILT_PRODUCTS_DIR; };
		AB201D3E2994144900BD4985 /* PokemonAppApp.swift */ = {isa = PBXFileReference; lastKnownFileType = sourcecode.swift; path = PokemonAppApp.swift; sourceTree = "<group>"; };
		AB201D402994144900BD4985 /* ContentView.swift */ = {isa = PBXFileReference; lastKnownFileType = sourcecode.swift; path = ContentView.swift; sourceTree = "<group>"; };
		AB201D422994144A00BD4985 /* Assets.xcassets */ = {isa = PBXFileReference; lastKnownFileType = folder.assetcatalog; path = Assets.xcassets; sourceTree = "<group>"; };
		AB201D452994144A00BD4985 /* Preview Assets.xcassets */ = {isa = PBXFileReference; lastKnownFileType = folder.assetcatalog; path = "Preview Assets.xcassets"; sourceTree = "<group>"; };
		AB201D4E299415B500BD4985 /* pokemon.json */ = {isa = PBXFileReference; lastKnownFileType = text.json; path = pokemon.json; sourceTree = "<group>"; };
		AB201D5129941BD600BD4985 /* Helpers.swift */ = {isa = PBXFileReference; lastKnownFileType = sourcecode.swift; path = Helpers.swift; sourceTree = "<group>"; };
		AB201D542994233000BD4985 /* PokemonModel.swift */ = {isa = PBXFileReference; lastKnownFileType = sourcecode.swift; path = PokemonModel.swift; sourceTree = "<group>"; };
		AB201D572994249400BD4985 /* ViewModel.swift */ = {isa = PBXFileReference; lastKnownFileType = sourcecode.swift; path = ViewModel.swift; sourceTree = "<group>"; };
		AB201D5A299424F600BD4985 /* PokemonManager.swift */ = {isa = PBXFileReference; lastKnownFileType = sourcecode.swift; path = PokemonManager.swift; sourceTree = "<group>"; };
		AB201D5C29942D5600BD4985 /* Pokemon.json */ = {isa = PBXFileReference; lastKnownFileType = text.json; path = Pokemon.json; sourceTree = "<group>"; };
/* End PBXFileReference section */

/* Begin PBXFrameworksBuildPhase section */
		AB201D382994144900BD4985 /* Frameworks */ = {
			isa = PBXFrameworksBuildPhase;
			buildActionMask = 2147483647;
			files = (
			);
			runOnlyForDeploymentPostprocessing = 0;
		};
/* End PBXFrameworksBuildPhase section */

/* Begin PBXGroup section */
		AB201D322994144900BD4985 = {
			isa = PBXGroup;
			children = (
				AB201D3D2994144900BD4985 /* PokemonApp */,
				AB201D3C2994144900BD4985 /* Products */,
			);
			sourceTree = "<group>";
		};
		AB201D3C2994144900BD4985 /* Products */ = {
			isa = PBXGroup;
			children = (
				AB201D3B2994144900BD4985 /* PokemonApp.app */,
			);
			name = Products;
			sourceTree = "<group>";
		};
		AB201D3D2994144900BD4985 /* PokemonApp */ = {
			isa = PBXGroup;
			children = (
				AB201D5029941BB700BD4985 /* Helpers */,
				AB201D4D2994147900BD4985 /* Data */,
				AB201D3E2994144900BD4985 /* PokemonAppApp.swift */,
				AB201D402994144900BD4985 /* ContentView.swift */,
				AB201D422994144A00BD4985 /* Assets.xcassets */,
				AB201D442994144A00BD4985 /* Preview Content */,
				AB201D5C29942D5600BD4985 /* Pokemon.json */,
			);
			path = PokemonApp;
			sourceTree = "<group>";
		};
		AB201D442994144A00BD4985 /* Preview Content */ = {
			isa = PBXGroup;
			children = (
				AB201D452994144A00BD4985 /* Preview Assets.xcassets */,
			);
			path = "Preview Content";
			sourceTree = "<group>";
		};
		AB201D4D2994147900BD4985 /* Data */ = {
			isa = PBXGroup;
			children = (
				AB201D4E299415B500BD4985 /* pokemon.json */,
			);
			path = Data;
			sourceTree = "<group>";
		};
		AB201D5029941BB700BD4985 /* Helpers */ = {
			isa = PBXGroup;
			children = (
				AB201D5129941BD600BD4985 /* Helpers.swift */,
				AB201D562994246C00BD4985 /* ViewModels */,
				AB201D532994230700BD4985 /* Models */,
			);
			path = Helpers;
			sourceTree = "<group>";
		};
		AB201D532994230700BD4985 /* Models */ = {
			isa = PBXGroup;
			children = (
				AB201D542994233000BD4985 /* PokemonModel.swift */,
				AB201D59299424CB00BD4985 /* Managers */,
			);
			path = Models;
			sourceTree = "<group>";
		};
		AB201D562994246C00BD4985 /* ViewModels */ = {
			isa = PBXGroup;
			children = (
				AB201D572994249400BD4985 /* ViewModel.swift */,
			);
			path = ViewModels;
			sourceTree = "<group>";
		};
		AB201D59299424CB00BD4985 /* Managers */ = {
			isa = PBXGroup;
			children = (
				AB201D5A299424F600BD4985 /* PokemonManager.swift */,
			);
			path = Managers;
			sourceTree = "<group>";
		};
/* End PBXGroup section */

/* Begin PBXNativeTarget section */
		AB201D3A2994144900BD4985 /* PokemonApp */ = {
			isa = PBXNativeTarget;
			buildConfigurationList = AB201D492994144A00BD4985 /* Build configuration list for PBXNativeTarget "PokemonApp" */;
			buildPhases = (
				AB201D372994144900BD4985 /* Sources */,
				AB201D382994144900BD4985 /* Frameworks */,
				AB201D392994144900BD4985 /* Resources */,
			);
			buildRules = (
			);
			dependencies = (
			);
			name = PokemonApp;
			productName = PokemonApp;
			productReference = AB201D3B2994144900BD4985 /* PokemonApp.app */;
			productType = "com.apple.product-type.application";
		};
/* End PBXNativeTarget section */

/* Begin PBXProject section */
		AB201D332994144900BD4985 /* Project object */ = {
			isa = PBXProject;
			attributes = {
				BuildIndependentTargetsInParallel = 1;
				LastSwiftUpdateCheck = 1420;
				LastUpgradeCheck = 1420;
				TargetAttributes = {
					AB201D3A2994144900BD4985 = {
						CreatedOnToolsVersion = 14.2;
					};
				};
			};
			buildConfigurationList = AB201D362994144900BD4985 /* Build configuration list for PBXProject "PokemonApp" */;
			compatibilityVersion = "Xcode 14.0";
			developmentRegion = en;
			hasScannedForEncodings = 0;
			knownRegions = (
				en,
				Base,
			);
			mainGroup = AB201D322994144900BD4985;
			productRefGroup = AB201D3C2994144900BD4985 /* Products */;
			projectDirPath = "";
			projectRoot = "";
			targets = (
				AB201D3A2994144900BD4985 /* PokemonApp */,
			);
		};
/* End PBXProject section */

/* Begin PBXResourcesBuildPhase section */
		AB201D392994144900BD4985 /* Resources */ = {
			isa = PBXResourcesBuildPhase;
			buildActionMask = 2147483647;
			files = (
				AB201D462994144A00BD4985 /* Preview Assets.xcassets in Resources */,
				AB201D5D29942D5600BD4985 /* Pokemon.json in Resources */,
				AB201D4F299415B500BD4985 /* pokemon.json in Resources */,
				AB201D432994144A00BD4985 /* Assets.xcassets in Resources */,
			);
			runOnlyForDeploymentPostprocessing = 0;
		};
/* End PBXResourcesBuildPhase section */

/* Begin PBXSourcesBuildPhase section */
		AB201D372994144900BD4985 /* Sources */ = {
			isa = PBXSourcesBuildPhase;
			buildActionMask = 2147483647;
			files = (
				AB201D582994249400BD4985 /* ViewModel.swift in Sources */,
				AB201D5B299424F600BD4985 /* PokemonManager.swift in Sources */,
				AB201D412994144900BD4985 /* ContentView.swift in Sources */,
				AB201D5229941BD600BD4985 /* Helpers.swift in Sources */,
				AB201D3F2994144900BD4985 /* PokemonAppApp.swift in Sources */,
				AB201D552994233000BD4985 /* PokemonModel.swift in Sources */,
			);
			runOnlyForDeploymentPostprocessing = 0;
		};
/* End PBXSourcesBuildPhase section */

/* Begin XCBuildConfiguration section */
		AB201D472994144A00BD4985 /* Debug */ = {
			isa = XCBuildConfiguration;
			buildSettings = {
				ALWAYS_SEARCH_USER_PATHS = NO;
				CLANG_ANALYZER_NONNULL = YES;
				CLANG_ANALYZER_NUMBER_OBJECT_CONVERSION = YES_AGGRESSIVE;
				CLANG_CXX_LANGUAGE_STANDARD = "gnu++20";
				CLANG_ENABLE_MODULES = YES;
				CLANG_ENABLE_OBJC_ARC = YES;
				CLANG_ENABLE_OBJC_WEAK = YES;
				CLANG_WARN_BLOCK_CAPTURE_AUTORELEASING = YES;
				CLANG_WARN_BOOL_CONVERSION = YES;
				CLANG_WARN_COMMA = YES;
				CLANG_WARN_CONSTANT_CONVERSION = YES;
				CLANG_WARN_DEPRECATED_OBJC_IMPLEMENTATIONS = YES;
				CLANG_WARN_DIRECT_OBJC_ISA_USAGE = YES_ERROR;
				CLANG_WARN_DOCUMENTATION_COMMENTS = YES;
				CLANG_WARN_EMPTY_BODY = YES;
				CLANG_WARN_ENUM_CONVERSION = YES;
				CLANG_WARN_INFINITE_RECURSION = YES;
				CLANG_WARN_INT_CONVERSION = YES;
				CLANG_WARN_NON_LITERAL_NULL_CONVERSION = YES;
				CLANG_WARN_OBJC_IMPLICIT_RETAIN_SELF = YES;
				CLANG_WARN_OBJC_LITERAL_CONVERSION = YES;
				CLANG_WARN_OBJC_ROOT_CLASS = YES_ERROR;
				CLANG_WARN_QUOTED_INCLUDE_IN_FRAMEWORK_HEADER = YES;
				CLANG_WARN_RANGE_LOOP_ANALYSIS = YES;
				CLANG_WARN_STRICT_PROTOTYPES = YES;
				CLANG_WARN_SUSPICIOUS_MOVE = YES;
				CLANG_WARN_UNGUARDED_AVAILABILITY = YES_AGGRESSIVE;
				CLANG_WARN_UNREACHABLE_CODE = YES;
				CLANG_WARN__DUPLICATE_METHOD_MATCH = YES;
				COPY_PHASE_STRIP = NO;
				DEBUG_INFORMATION_FORMAT = dwarf;
				ENABLE_STRICT_OBJC_MSGSEND = YES;
				ENABLE_TESTABILITY = YES;
				GCC_C_LANGUAGE_STANDARD = gnu11;
				GCC_DYNAMIC_NO_PIC = NO;
				GCC_NO_COMMON_BLOCKS = YES;
				GCC_OPTIMIZATION_LEVEL = 0;
				GCC_PREPROCESSOR_DEFINITIONS = (
					"DEBUG=1",
					"$(inherited)",
				);
				GCC_WARN_64_TO_32_BIT_CONVERSION = YES;
				GCC_WARN_ABOUT_RETURN_TYPE = YES_ERROR;
				GCC_WARN_UNDECLARED_SELECTOR = YES;
				GCC_WARN_UNINITIALIZED_AUTOS = YES_AGGRESSIVE;
				GCC_WARN_UNUSED_FUNCTION = YES;
				GCC_WARN_UNUSED_VARIABLE = YES;
				IPHONEOS_DEPLOYMENT_TARGET = 16.2;
				MTL_ENABLE_DEBUG_INFO = INCLUDE_SOURCE;
				MTL_FAST_MATH = YES;
				ONLY_ACTIVE_ARCH = YES;
				SDKROOT = iphoneos;
				SWIFT_ACTIVE_COMPILATION_CONDITIONS = DEBUG;
				SWIFT_OPTIMIZATION_LEVEL = "-Onone";
			};
			name = Debug;
		};
		AB201D482994144A00BD4985 /* Release */ = {
			isa = XCBuildConfiguration;
			buildSettings = {
				ALWAYS_SEARCH_USER_PATHS = NO;
				CLANG_ANALYZER_NONNULL = YES;
				CLANG_ANALYZER_NUMBER_OBJECT_CONVERSION = YES_AGGRESSIVE;
				CLANG_CXX_LANGUAGE_STANDARD = "gnu++20";
				CLANG_ENABLE_MODULES = YES;
				CLANG_ENABLE_OBJC_ARC = YES;
				CLANG_ENABLE_OBJC_WEAK = YES;
				CLANG_WARN_BLOCK_CAPTURE_AUTORELEASING = YES;
				CLANG_WARN_BOOL_CONVERSION = YES;
				CLANG_WARN_COMMA = YES;
				CLANG_WARN_CONSTANT_CONVERSION = YES;
				CLANG_WARN_DEPRECATED_OBJC_IMPLEMENTATIONS = YES;
				CLANG_WARN_DIRECT_OBJC_ISA_USAGE = YES_ERROR;
				CLANG_WARN_DOCUMENTATION_COMMENTS = YES;
				CLANG_WARN_EMPTY_BODY = YES;
				CLANG_WARN_ENUM_CONVERSION = YES;
				CLANG_WARN_INFINITE_RECURSION = YES;
				CLANG_WARN_INT_CONVERSION = YES;
				CLANG_WARN_NON_LITERAL_NULL_CONVERSION = YES;
				CLANG_WARN_OBJC_IMPLICIT_RETAIN_SELF = YES;
				CLANG_WARN_OBJC_LITERAL_CONVERSION = YES;
				CLANG_WARN_OBJC_ROOT_CLASS = YES_ERROR;
				CLANG_WARN_QUOTED_INCLUDE_IN_FRAMEWORK_HEADER = YES;
				CLANG_WARN_RANGE_LOOP_ANALYSIS = YES;
				CLANG_WARN_STRICT_PROTOTYPES = YES;
				CLANG_WARN_SUSPICIOUS_MOVE = YES;
				CLANG_WARN_UNGUARDED_AVAILABILITY = YES_AGGRESSIVE;
				CLANG_WARN_UNREACHABLE_CODE = YES;
				CLANG_WARN__DUPLICATE_METHOD_MATCH = YES;
				COPY_PHASE_STRIP = NO;
				DEBUG_INFORMATION_FORMAT = "dwarf-with-dsym";
				ENABLE_NS_ASSERTIONS = NO;
				ENABLE_STRICT_OBJC_MSGSEND = YES;
				GCC_C_LANGUAGE_STANDARD = gnu11;
				GCC_NO_COMMON_BLOCKS = YES;
				GCC_WARN_64_TO_32_BIT_CONVERSION = YES;
				GCC_WARN_ABOUT_RETURN_TYPE = YES_ERROR;
				GCC_WARN_UNDECLARED_SELECTOR = YES;
				GCC_WARN_UNINITIALIZED_AUTOS = YES_AGGRESSIVE;
				GCC_WARN_UNUSED_FUNCTION = YES;
				GCC_WARN_UNUSED_VARIABLE = YES;
				IPHONEOS_DEPLOYMENT_TARGET = 16.2;
				MTL_ENABLE_DEBUG_INFO = NO;
				MTL_FAST_MATH = YES;
				SDKROOT = iphoneos;
				SWIFT_COMPILATION_MODE = wholemodule;
				SWIFT_OPTIMIZATION_LEVEL = "-O";
				VALIDATE_PRODUCT = YES;
			};
			name = Release;
		};
		AB201D4A2994144A00BD4985 /* Debug */ = {
			isa = XCBuildConfiguration;
			buildSettings = {
				ASSETCATALOG_COMPILER_APPICON_NAME = AppIcon;
				ASSETCATALOG_COMPILER_GLOBAL_ACCENT_COLOR_NAME = AccentColor;
				CODE_SIGN_STYLE = Automatic;
				CURRENT_PROJECT_VERSION = 1;
				DEVELOPMENT_ASSET_PATHS = "\"PokemonApp/Preview Content\"";
				DEVELOPMENT_TEAM = RV5LYJNR79;
				ENABLE_PREVIEWS = YES;
				GENERATE_INFOPLIST_FILE = YES;
				INFOPLIST_KEY_UIApplicationSceneManifest_Generation = YES;
				INFOPLIST_KEY_UIApplicationSupportsIndirectInputEvents = YES;
				INFOPLIST_KEY_UILaunchScreen_Generation = YES;
				INFOPLIST_KEY_UISupportedInterfaceOrientations_iPad = "UIInterfaceOrientationPortrait UIInterfaceOrientationPortraitUpsideDown UIInterfaceOrientationLandscapeLeft UIInterfaceOrientationLandscapeRight";
				INFOPLIST_KEY_UISupportedInterfaceOrientations_iPhone = "UIInterfaceOrientationPortrait UIInterfaceOrientationLandscapeLeft UIInterfaceOrientationLandscapeRight";
				LD_RUNPATH_SEARCH_PATHS = (
					"$(inherited)",
					"@executable_path/Frameworks",
				);
				MARKETING_VERSION = 1.0;
				PRODUCT_BUNDLE_IDENTIFIER = com.PokemonApp.PokemonApp;
				PRODUCT_NAME = "$(TARGET_NAME)";
				SWIFT_EMIT_LOC_STRINGS = YES;
				SWIFT_VERSION = 5.0;
				TARGETED_DEVICE_FAMILY = "1,2";
			};
			name = Debug;
		};
		AB201D4B2994144A00BD4985 /* Release */ = {
			isa = XCBuildConfiguration;
			buildSettings = {
				ASSETCATALOG_COMPILER_APPICON_NAME = AppIcon;
				ASSETCATALOG_COMPILER_GLOBAL_ACCENT_COLOR_NAME = AccentColor;
				CODE_SIGN_STYLE = Automatic;
				CURRENT_PROJECT_VERSION = 1;
				DEVELOPMENT_ASSET_PATHS = "\"PokemonApp/Preview Content\"";
				DEVELOPMENT_TEAM = RV5LYJNR79;
				ENABLE_PREVIEWS = YES;
				GENERATE_INFOPLIST_FILE = YES;
				INFOPLIST_KEY_UIApplicationSceneManifest_Generation = YES;
				INFOPLIST_KEY_UIApplicationSupportsIndirectInputEvents = YES;
				INFOPLIST_KEY_UILaunchScreen_Generation = YES;
				INFOPLIST_KEY_UISupportedInterfaceOrientations_iPad = "UIInterfaceOrientationPortrait UIInterfaceOrientationPortraitUpsideDown UIInterfaceOrientationLandscapeLeft UIInterfaceOrientationLandscapeRight";
				INFOPLIST_KEY_UISupportedInterfaceOrientations_iPhone = "UIInterfaceOrientationPortrait UIInterfaceOrientationLandscapeLeft UIInterfaceOrientationLandscapeRight";
				LD_RUNPATH_SEARCH_PATHS = (
					"$(inherited)",
					"@executable_path/Frameworks",
				);
				MARKETING_VERSION = 1.0;
				PRODUCT_BUNDLE_IDENTIFIER = com.PokemonApp.PokemonApp;
				PRODUCT_NAME = "$(TARGET_NAME)";
				SWIFT_EMIT_LOC_STRINGS = YES;
				SWIFT_VERSION = 5.0;
				TARGETED_DEVICE_FAMILY = "1,2";
			};
			name = Release;
		};
/* End XCBuildConfiguration section */

/* Begin XCConfigurationList section */
		AB201D362994144900BD4985 /* Build configuration list for PBXProject "PokemonApp" */ = {
			isa = XCConfigurationList;
			buildConfigurations = (
				AB201D472994144A00BD4985 /* Debug */,
				AB201D482994144A00BD4985 /* Release */,
			);
			defaultConfigurationIsVisible = 0;
			defaultConfigurationName = Release;
		};
		AB201D492994144A00BD4985 /* Build configuration list for PBXNativeTarget "PokemonApp" */ = {
			isa = XCConfigurationList;
			buildConfigurations = (
				AB201D4A2994144A00BD4985 /* Debug */,
				AB201D4B2994144A00BD4985 /* Release */,
			);
			defaultConfigurationIsVisible = 0;
			defaultConfigurationName = Release;
		};
/* End XCConfigurationList section */
	};
	rootObject = AB201D332994144900BD4985 /* Project object */;
}
